
Microsoft Visual Studio Solution File, Format Version 12.00
Project("{FAE04EC0-301F-11D3-BF4B-00C04F79EFBC}") = "Asv.Drones.Gui.Plugin.FlightDocs", "Asv.Drones.Gui.Plugin.FlightDocs\Asv.Drones.Gui.Plugin.FlightDocs.csproj", "{5B81ADC6-CD60-407F-907E-8EFD6F239D30}"
EndProject
Project("{2150E333-8FDC-42A3-9474-1A3956D46DE8}") = "Asv.Drones.Gui", "Asv.Drones.Gui", "{C385CC6C-E2A5-44AA-BC68-D084B0C4FCE5}"
EndProject
Project("{2150E333-8FDC-42A3-9474-1A3956D46DE8}") = "Platforms", "Platforms", "{54DB9786-27E1-4395-A602-C873F0BAC7BA}"
EndProject
Project("{FAE04EC0-301F-11D3-BF4B-00C04F79EFBC}") = "Asv.Drones.Gui.Android", "..\asv-drones\src\Asv.Drones.Gui.Android\Asv.Drones.Gui.Android.csproj", "{BF95D224-63F5-4E38-850A-D0A78EF5493D}"
EndProject
Project("{FAE04EC0-301F-11D3-BF4B-00C04F79EFBC}") = "Asv.Drones.Gui.Browser", "..\asv-drones\src\Asv.Drones.Gui.Browser\Asv.Drones.Gui.Browser.csproj", "{148CD387-3455-487D-ABE0-55D938DBA59C}"
EndProject
Project("{FAE04EC0-301F-11D3-BF4B-00C04F79EFBC}") = "Asv.Drones.Gui.Desktop", "..\asv-drones\src\Asv.Drones.Gui.Desktop\Asv.Drones.Gui.Desktop.csproj", "{116C7362-ABF9-4D9C-814C-9D2A2D9E675B}"
EndProject
Project("{FAE04EC0-301F-11D3-BF4B-00C04F79EFBC}") = "Asv.Drones.Gui.iOS", "..\asv-drones\src\Asv.Drones.Gui.iOS\Asv.Drones.Gui.iOS.csproj", "{DF0FC9EE-326A-4EAE-BBD8-3C0F617DA137}"
EndProject
Project("{FAE04EC0-301F-11D3-BF4B-00C04F79EFBC}") = "Asv.Drones.Gui", "..\asv-drones\src\Asv.Drones.Gui\Asv.Drones.Gui.csproj", "{BFEBC0AA-1661-429E-BE61-7FBEE34F5C11}"
EndProject
Project("{FAE04EC0-301F-11D3-BF4B-00C04F79EFBC}") = "Asv.Drones.Gui.Core", "..\asv-drones\src\Asv.Drones.Gui.Core\Asv.Drones.Gui.Core.csproj", "{831615C9-19D9-420C-B127-A2DFD76F02A8}"
EndProject
Project("{FAE04EC0-301F-11D3-BF4B-00C04F79EFBC}") = "Asv.Drones.Gui.Gbs", "..\asv-drones\src\Asv.Drones.Gui.Gbs\Asv.Drones.Gui.Gbs.csproj", "{91CCDA47-2E44-4219-AB2E-1407F808264F}"
EndProject
Project("{FAE04EC0-301F-11D3-BF4B-00C04F79EFBC}") = "Asv.Drones.Gui.Map", "..\asv-drones\src\Asv.Drones.Gui.Map\Asv.Drones.Gui.Map.csproj", "{8C9042EA-504F-4733-B589-641A8D16F14E}"
EndProject
Project("{FAE04EC0-301F-11D3-BF4B-00C04F79EFBC}") = "Asv.Drones.Gui.Sdr", "..\asv-drones\src\Asv.Drones.Gui.Sdr\Asv.Drones.Gui.Sdr.csproj", "{8BBAEEB7-9237-4C50-8357-E0126A28661D}"
EndProject
Project("{FAE04EC0-301F-11D3-BF4B-00C04F79EFBC}") = "Asv.Drones.Gui.Uav", "..\asv-drones\src\Asv.Drones.Gui.Uav\Asv.Drones.Gui.Uav.csproj", "{D88FA901-C43F-4865-B618-0FC25BE7C584}"
EndProject
Global
	GlobalSection(SolutionConfigurationPlatforms) = preSolution
		Debug|Any CPU = Debug|Any CPU
		Release|Any CPU = Release|Any CPU
	EndGlobalSection
	GlobalSection(ProjectConfigurationPlatforms) = postSolution
		{5B81ADC6-CD60-407F-907E-8EFD6F239D30}.Debug|Any CPU.ActiveCfg = Debug|Any CPU
		{5B81ADC6-CD60-407F-907E-8EFD6F239D30}.Debug|Any CPU.Build.0 = Debug|Any CPU
		{5B81ADC6-CD60-407F-907E-8EFD6F239D30}.Release|Any CPU.ActiveCfg = Release|Any CPU
		{5B81ADC6-CD60-407F-907E-8EFD6F239D30}.Release|Any CPU.Build.0 = Release|Any CPU
		{BF95D224-63F5-4E38-850A-D0A78EF5493D}.Debug|Any CPU.ActiveCfg = Debug|Any CPU
		{BF95D224-63F5-4E38-850A-D0A78EF5493D}.Debug|Any CPU.Build.0 = Debug|Any CPU
		{BF95D224-63F5-4E38-850A-D0A78EF5493D}.Release|Any CPU.ActiveCfg = Release|Any CPU
		{BF95D224-63F5-4E38-850A-D0A78EF5493D}.Release|Any CPU.Build.0 = Release|Any CPU
		{148CD387-3455-487D-ABE0-55D938DBA59C}.Debug|Any CPU.ActiveCfg = Debug|Any CPU
		{148CD387-3455-487D-ABE0-55D938DBA59C}.Debug|Any CPU.Build.0 = Debug|Any CPU
		{148CD387-3455-487D-ABE0-55D938DBA59C}.Release|Any CPU.ActiveCfg = Release|Any CPU
		{148CD387-3455-487D-ABE0-55D938DBA59C}.Release|Any CPU.Build.0 = Release|Any CPU
		{116C7362-ABF9-4D9C-814C-9D2A2D9E675B}.Debug|Any CPU.ActiveCfg = Debug|Any CPU
		{116C7362-ABF9-4D9C-814C-9D2A2D9E675B}.Debug|Any CPU.Build.0 = Debug|Any CPU
		{116C7362-ABF9-4D9C-814C-9D2A2D9E675B}.Release|Any CPU.ActiveCfg = Release|Any CPU
		{116C7362-ABF9-4D9C-814C-9D2A2D9E675B}.Release|Any CPU.Build.0 = Release|Any CPU
		{DF0FC9EE-326A-4EAE-BBD8-3C0F617DA137}.Debug|Any CPU.ActiveCfg = Debug|Any CPU
		{DF0FC9EE-326A-4EAE-BBD8-3C0F617DA137}.Debug|Any CPU.Build.0 = Debug|Any CPU
		{DF0FC9EE-326A-4EAE-BBD8-3C0F617DA137}.Release|Any CPU.ActiveCfg = Release|Any CPU
		{DF0FC9EE-326A-4EAE-BBD8-3C0F617DA137}.Release|Any CPU.Build.0 = Release|Any CPU
		{BFEBC0AA-1661-429E-BE61-7FBEE34F5C11}.Debug|Any CPU.ActiveCfg = Debug|Any CPU
		{BFEBC0AA-1661-429E-BE61-7FBEE34F5C11}.Debug|Any CPU.Build.0 = Debug|Any CPU
		{BFEBC0AA-1661-429E-BE61-7FBEE34F5C11}.Release|Any CPU.ActiveCfg = Release|Any CPU
		{BFEBC0AA-1661-429E-BE61-7FBEE34F5C11}.Release|Any CPU.Build.0 = Release|Any CPU
		{831615C9-19D9-420C-B127-A2DFD76F02A8}.Debug|Any CPU.ActiveCfg = Debug|Any CPU
		{831615C9-19D9-420C-B127-A2DFD76F02A8}.Debug|Any CPU.Build.0 = Debug|Any CPU
		{831615C9-19D9-420C-B127-A2DFD76F02A8}.Release|Any CPU.ActiveCfg = Release|Any CPU
		{831615C9-19D9-420C-B127-A2DFD76F02A8}.Release|Any CPU.Build.0 = Release|Any CPU
		{91CCDA47-2E44-4219-AB2E-1407F808264F}.Debug|Any CPU.ActiveCfg = Debug|Any CPU
		{91CCDA47-2E44-4219-AB2E-1407F808264F}.Debug|Any CPU.Build.0 = Debug|Any CPU
		{91CCDA47-2E44-4219-AB2E-1407F808264F}.Release|Any CPU.ActiveCfg = Release|Any CPU
		{91CCDA47-2E44-4219-AB2E-1407F808264F}.Release|Any CPU.Build.0 = Release|Any CPU
		{8C9042EA-504F-4733-B589-641A8D16F14E}.Debug|Any CPU.ActiveCfg = Debug|Any CPU
		{8C9042EA-504F-4733-B589-641A8D16F14E}.Debug|Any CPU.Build.0 = Debug|Any CPU
		{8C9042EA-504F-4733-B589-641A8D16F14E}.Release|Any CPU.ActiveCfg = Release|Any CPU
		{8C9042EA-504F-4733-B589-641A8D16F14E}.Release|Any CPU.Build.0 = Release|Any CPU
		{8BBAEEB7-9237-4C50-8357-E0126A28661D}.Debug|Any CPU.ActiveCfg = Debug|Any CPU
		{8BBAEEB7-9237-4C50-8357-E0126A28661D}.Debug|Any CPU.Build.0 = Debug|Any CPU
		{8BBAEEB7-9237-4C50-8357-E0126A28661D}.Release|Any CPU.ActiveCfg = Release|Any CPU
		{8BBAEEB7-9237-4C50-8357-E0126A28661D}.Release|Any CPU.Build.0 = Release|Any CPU
		{D88FA901-C43F-4865-B618-0FC25BE7C584}.Debug|Any CPU.ActiveCfg = Debug|Any CPU
		{D88FA901-C43F-4865-B618-0FC25BE7C584}.Debug|Any CPU.Build.0 = Debug|Any CPU
		{D88FA901-C43F-4865-B618-0FC25BE7C584}.Release|Any CPU.ActiveCfg = Release|Any CPU
		{D88FA901-C43F-4865-B618-0FC25BE7C584}.Release|Any CPU.Build.0 = Release|Any CPU
	EndGlobalSection
	GlobalSection(NestedProjects) = preSolution
		{54DB9786-27E1-4395-A602-C873F0BAC7BA} = {C385CC6C-E2A5-44AA-BC68-D084B0C4FCE5}
		{BF95D224-63F5-4E38-850A-D0A78EF5493D} = {54DB9786-27E1-4395-A602-C873F0BAC7BA}
		{148CD387-3455-487D-ABE0-55D938DBA59C} = {54DB9786-27E1-4395-A602-C873F0BAC7BA}
		{116C7362-ABF9-4D9C-814C-9D2A2D9E675B} = {54DB9786-27E1-4395-A602-C873F0BAC7BA}
		{DF0FC9EE-326A-4EAE-BBD8-3C0F617DA137} = {54DB9786-27E1-4395-A602-C873F0BAC7BA}
		{BFEBC0AA-1661-429E-BE61-7FBEE34F5C11} = {C385CC6C-E2A5-44AA-BC68-D084B0C4FCE5}
		{831615C9-19D9-420C-B127-A2DFD76F02A8} = {C385CC6C-E2A5-44AA-BC68-D084B0C4FCE5}
		{91CCDA47-2E44-4219-AB2E-1407F808264F} = {C385CC6C-E2A5-44AA-BC68-D084B0C4FCE5}
		{8C9042EA-504F-4733-B589-641A8D16F14E} = {C385CC6C-E2A5-44AA-BC68-D084B0C4FCE5}
		{8BBAEEB7-9237-4C50-8357-E0126A28661D} = {C385CC6C-E2A5-44AA-BC68-D084B0C4FCE5}
		{D88FA901-C43F-4865-B618-0FC25BE7C584} = {C385CC6C-E2A5-44AA-BC68-D084B0C4FCE5}
	EndGlobalSection
EndGlobal
